// !$*UTF8*$!
{
	archiveVersion = 1;
	classes = {
	};
	objectVersion = 55;
	objects = {

/* Begin PBXBuildFile section */
		390158752A96E315001BF219 /* AppDelegate.swift in Sources */ = {isa = PBXBuildFile; fileRef = 390158742A96E315001BF219 /* AppDelegate.swift */; };
		390158772A96E315001BF219 /* ViewController.swift in Sources */ = {isa = PBXBuildFile; fileRef = 390158762A96E315001BF219 /* ViewController.swift */; };
		390158792A96E318001BF219 /* Assets.xcassets in Resources */ = {isa = PBXBuildFile; fileRef = 390158782A96E318001BF219 /* Assets.xcassets */; };
		3901587C2A96E318001BF219 /* Main.storyboard in Resources */ = {isa = PBXBuildFile; fileRef = 3901587A2A96E318001BF219 /* Main.storyboard */; };
		390158852A96E4C2001BF219 /* AreTheLettersUnique.swift in Sources */ = {isa = PBXBuildFile; fileRef = 390158842A96E4C2001BF219 /* AreTheLettersUnique.swift */; };
		390158872A96E8C8001BF219 /* IsAStringAPalindrome.swift in Sources */ = {isa = PBXBuildFile; fileRef = 390158862A96E8C8001BF219 /* IsAStringAPalindrome.swift */; };
		390158892A96F108001BF219 /* DoTwoStringsContainSameCharacters.swift in Sources */ = {isa = PBXBuildFile; fileRef = 390158882A96F108001BF219 /* DoTwoStringsContainSameCharacters.swift */; };
		3901588B2A96F731001BF219 /* FuzzyContains.swift in Sources */ = {isa = PBXBuildFile; fileRef = 3901588A2A96F731001BF219 /* FuzzyContains.swift */; };
/* End PBXBuildFile section */

/* Begin PBXFileReference section */
		390158712A96E315001BF219 /* SwiftCodingChallenges.app */ = {isa = PBXFileReference; explicitFileType = wrapper.application; includeInIndex = 0; path = SwiftCodingChallenges.app; sourceTree = BUILT_PRODUCTS_DIR; };
		390158742A96E315001BF219 /* AppDelegate.swift */ = {isa = PBXFileReference; lastKnownFileType = sourcecode.swift; path = AppDelegate.swift; sourceTree = "<group>"; };
		390158762A96E315001BF219 /* ViewController.swift */ = {isa = PBXFileReference; lastKnownFileType = sourcecode.swift; path = ViewController.swift; sourceTree = "<group>"; };
		390158782A96E318001BF219 /* Assets.xcassets */ = {isa = PBXFileReference; lastKnownFileType = folder.assetcatalog; path = Assets.xcassets; sourceTree = "<group>"; };
		3901587B2A96E318001BF219 /* Base */ = {isa = PBXFileReference; lastKnownFileType = file.storyboard; name = Base; path = Base.lproj/Main.storyboard; sourceTree = "<group>"; };
		3901587D2A96E318001BF219 /* SwiftCodingChallenges.entitlements */ = {isa = PBXFileReference; lastKnownFileType = text.plist.entitlements; path = SwiftCodingChallenges.entitlements; sourceTree = "<group>"; };
		390158842A96E4C2001BF219 /* AreTheLettersUnique.swift */ = {isa = PBXFileReference; lastKnownFileType = sourcecode.swift; path = AreTheLettersUnique.swift; sourceTree = "<group>"; };
		390158862A96E8C8001BF219 /* IsAStringAPalindrome.swift */ = {isa = PBXFileReference; lastKnownFileType = sourcecode.swift; path = IsAStringAPalindrome.swift; sourceTree = "<group>"; };
		390158882A96F108001BF219 /* DoTwoStringsContainSameCharacters.swift */ = {isa = PBXFileReference; lastKnownFileType = sourcecode.swift; path = DoTwoStringsContainSameCharacters.swift; sourceTree = "<group>"; };
		3901588A2A96F731001BF219 /* FuzzyContains.swift */ = {isa = PBXFileReference; lastKnownFileType = sourcecode.swift; path = FuzzyContains.swift; sourceTree = "<group>"; };
/* End PBXFileReference section */

/* Begin PBXFrameworksBuildPhase section */
		3901586E2A96E315001BF219 /* Frameworks */ = {
			isa = PBXFrameworksBuildPhase;
			buildActionMask = 2147483647;
			files = (
			);
			runOnlyForDeploymentPostprocessing = 0;
		};
/* End PBXFrameworksBuildPhase section */

/* Begin PBXGroup section */
		390158682A96E315001BF219 = {
			isa = PBXGroup;
			children = (
				390158732A96E315001BF219 /* SwiftCodingChallenges */,
				390158722A96E315001BF219 /* Products */,
			);
			sourceTree = "<group>";
		};
		390158722A96E315001BF219 /* Products */ = {
			isa = PBXGroup;
			children = (
				390158712A96E315001BF219 /* SwiftCodingChallenges.app */,
			);
			name = Products;
			sourceTree = "<group>";
		};
		390158732A96E315001BF219 /* SwiftCodingChallenges */ = {
			isa = PBXGroup;
			children = (
				390158832A96E334001BF219 /* Strings */,
				390158742A96E315001BF219 /* AppDelegate.swift */,
				390158762A96E315001BF219 /* ViewController.swift */,
				390158782A96E318001BF219 /* Assets.xcassets */,
				3901587A2A96E318001BF219 /* Main.storyboard */,
				3901587D2A96E318001BF219 /* SwiftCodingChallenges.entitlements */,
			);
			path = SwiftCodingChallenges;
			sourceTree = "<group>";
		};
		390158832A96E334001BF219 /* Strings */ = {
			isa = PBXGroup;
			children = (
				390158842A96E4C2001BF219 /* AreTheLettersUnique.swift */,
				390158862A96E8C8001BF219 /* IsAStringAPalindrome.swift */,
				390158882A96F108001BF219 /* DoTwoStringsContainSameCharacters.swift */,
				3901588A2A96F731001BF219 /* FuzzyContains.swift */,
			);
			path = Strings;
			sourceTree = "<group>";
		};
/* End PBXGroup section */

/* Begin PBXNativeTarget section */
		390158702A96E315001BF219 /* SwiftCodingChallenges */ = {
			isa = PBXNativeTarget;
			buildConfigurationList = 390158802A96E318001BF219 /* Build configuration list for PBXNativeTarget "SwiftCodingChallenges" */;
			buildPhases = (
				3901586D2A96E315001BF219 /* Sources */,
				3901586E2A96E315001BF219 /* Frameworks */,
				3901586F2A96E315001BF219 /* Resources */,
			);
			buildRules = (
			);
			dependencies = (
			);
			name = SwiftCodingChallenges;
			productName = SwiftCodingChallenges;
			productReference = 390158712A96E315001BF219 /* SwiftCodingChallenges.app */;
			productType = "com.apple.product-type.application";
		};
/* End PBXNativeTarget section */

/* Begin PBXProject section */
		390158692A96E315001BF219 /* Project object */ = {
			isa = PBXProject;
			attributes = {
				BuildIndependentTargetsInParallel = 1;
				LastSwiftUpdateCheck = 1340;
				LastUpgradeCheck = 1340;
				TargetAttributes = {
					390158702A96E315001BF219 = {
						CreatedOnToolsVersion = 13.4.1;
					};
				};
			};
			buildConfigurationList = 3901586C2A96E315001BF219 /* Build configuration list for PBXProject "SwiftCodingChallenges" */;
			compatibilityVersion = "Xcode 13.0";
			developmentRegion = en;
			hasScannedForEncodings = 0;
			knownRegions = (
				en,
				Base,
			);
			mainGroup = 390158682A96E315001BF219;
			productRefGroup = 390158722A96E315001BF219 /* Products */;
			projectDirPath = "";
			projectRoot = "";
			targets = (
				390158702A96E315001BF219 /* SwiftCodingChallenges */,
			);
		};
/* End PBXProject section */

/* Begin PBXResourcesBuildPhase section */
		3901586F2A96E315001BF219 /* Resources */ = {
			isa = PBXResourcesBuildPhase;
			buildActionMask = 2147483647;
			files = (
				390158792A96E318001BF219 /* Assets.xcassets in Resources */,
				3901587C2A96E318001BF219 /* Main.storyboard in Resources */,
			);
			runOnlyForDeploymentPostprocessing = 0;
		};
/* End PBXResourcesBuildPhase section */

/* Begin PBXSourcesBuildPhase section */
		3901586D2A96E315001BF219 /* Sources */ = {
			isa = PBXSourcesBuildPhase;
			buildActionMask = 2147483647;
			files = (
				390158772A96E315001BF219 /* ViewController.swift in Sources */,
				390158872A96E8C8001BF219 /* IsAStringAPalindrome.swift in Sources */,
				390158892A96F108001BF219 /* DoTwoStringsContainSameCharacters.swift in Sources */,
				390158852A96E4C2001BF219 /* AreTheLettersUnique.swift in Sources */,
				390158752A96E315001BF219 /* AppDelegate.swift in Sources */,
				3901588B2A96F731001BF219 /* FuzzyContains.swift in Sources */,
			);
			runOnlyForDeploymentPostprocessing = 0;
		};
/* End PBXSourcesBuildPhase section */

/* Begin PBXVariantGroup section */
		3901587A2A96E318001BF219 /* Main.storyboard */ = {
			isa = PBXVariantGroup;
			children = (
				3901587B2A96E318001BF219 /* Base */,
			);
			name = Main.storyboard;
			sourceTree = "<group>";
		};
/* End PBXVariantGroup section */

/* Begin XCBuildConfiguration section */
		3901587E2A96E318001BF219 /* Debug */ = {
			isa = XCBuildConfiguration;
			buildSettings = {
				ALWAYS_SEARCH_USER_PATHS = NO;
				CLANG_ANALYZER_NONNULL = YES;
				CLANG_ANALYZER_NUMBER_OBJECT_CONVERSION = YES_AGGRESSIVE;
				CLANG_CXX_LANGUAGE_STANDARD = "gnu++17";
				CLANG_ENABLE_MODULES = YES;
				CLANG_ENABLE_OBJC_ARC = YES;
				CLANG_ENABLE_OBJC_WEAK = YES;
				CLANG_WARN_BLOCK_CAPTURE_AUTORELEASING = YES;
				CLANG_WARN_BOOL_CONVERSION = YES;
				CLANG_WARN_COMMA = YES;
				CLANG_WARN_CONSTANT_CONVERSION = YES;
				CLANG_WARN_DEPRECATED_OBJC_IMPLEMENTATIONS = YES;
				CLANG_WARN_DIRECT_OBJC_ISA_USAGE = YES_ERROR;
				CLANG_WARN_DOCUMENTATION_COMMENTS = YES;
				CLANG_WARN_EMPTY_BODY = YES;
				CLANG_WARN_ENUM_CONVERSION = YES;
				CLANG_WARN_INFINITE_RECURSION = YES;
				CLANG_WARN_INT_CONVERSION = YES;
				CLANG_WARN_NON_LITERAL_NULL_CONVERSION = YES;
				CLANG_WARN_OBJC_IMPLICIT_RETAIN_SELF = YES;
				CLANG_WARN_OBJC_LITERAL_CONVERSION = YES;
				CLANG_WARN_OBJC_ROOT_CLASS = YES_ERROR;
				CLANG_WARN_QUOTED_INCLUDE_IN_FRAMEWORK_HEADER = YES;
				CLANG_WARN_RANGE_LOOP_ANALYSIS = YES;
				CLANG_WARN_STRICT_PROTOTYPES = YES;
				CLANG_WARN_SUSPICIOUS_MOVE = YES;
				CLANG_WARN_UNGUARDED_AVAILABILITY = YES_AGGRESSIVE;
				CLANG_WARN_UNREACHABLE_CODE = YES;
				CLANG_WARN__DUPLICATE_METHOD_MATCH = YES;
				COPY_PHASE_STRIP = NO;
				DEBUG_INFORMATION_FORMAT = dwarf;
				ENABLE_STRICT_OBJC_MSGSEND = YES;
				ENABLE_TESTABILITY = YES;
				GCC_C_LANGUAGE_STANDARD = gnu11;
				GCC_DYNAMIC_NO_PIC = NO;
				GCC_NO_COMMON_BLOCKS = YES;
				GCC_OPTIMIZATION_LEVEL = 0;
				GCC_PREPROCESSOR_DEFINITIONS = (
					"DEBUG=1",
					"$(inherited)",
				);
				GCC_WARN_64_TO_32_BIT_CONVERSION = YES;
				GCC_WARN_ABOUT_RETURN_TYPE = YES_ERROR;
				GCC_WARN_UNDECLARED_SELECTOR = YES;
				GCC_WARN_UNINITIALIZED_AUTOS = YES_AGGRESSIVE;
				GCC_WARN_UNUSED_FUNCTION = YES;
				GCC_WARN_UNUSED_VARIABLE = YES;
				MACOSX_DEPLOYMENT_TARGET = 12.3;
				MTL_ENABLE_DEBUG_INFO = INCLUDE_SOURCE;
				MTL_FAST_MATH = YES;
				ONLY_ACTIVE_ARCH = YES;
				SDKROOT = macosx;
				SWIFT_ACTIVE_COMPILATION_CONDITIONS = DEBUG;
				SWIFT_OPTIMIZATION_LEVEL = "-Onone";
			};
			name = Debug;
		};
		3901587F2A96E318001BF219 /* Release */ = {
			isa = XCBuildConfiguration;
			buildSettings = {
				ALWAYS_SEARCH_USER_PATHS = NO;
				CLANG_ANALYZER_NONNULL = YES;
				CLANG_ANALYZER_NUMBER_OBJECT_CONVERSION = YES_AGGRESSIVE;
				CLANG_CXX_LANGUAGE_STANDARD = "gnu++17";
				CLANG_ENABLE_MODULES = YES;
				CLANG_ENABLE_OBJC_ARC = YES;
				CLANG_ENABLE_OBJC_WEAK = YES;
				CLANG_WARN_BLOCK_CAPTURE_AUTORELEASING = YES;
				CLANG_WARN_BOOL_CONVERSION = YES;
				CLANG_WARN_COMMA = YES;
				CLANG_WARN_CONSTANT_CONVERSION = YES;
				CLANG_WARN_DEPRECATED_OBJC_IMPLEMENTATIONS = YES;
				CLANG_WARN_DIRECT_OBJC_ISA_USAGE = YES_ERROR;
				CLANG_WARN_DOCUMENTATION_COMMENTS = YES;
				CLANG_WARN_EMPTY_BODY = YES;
				CLANG_WARN_ENUM_CONVERSION = YES;
				CLANG_WARN_INFINITE_RECURSION = YES;
				CLANG_WARN_INT_CONVERSION = YES;
				CLANG_WARN_NON_LITERAL_NULL_CONVERSION = YES;
				CLANG_WARN_OBJC_IMPLICIT_RETAIN_SELF = YES;
				CLANG_WARN_OBJC_LITERAL_CONVERSION = YES;
				CLANG_WARN_OBJC_ROOT_CLASS = YES_ERROR;
				CLANG_WARN_QUOTED_INCLUDE_IN_FRAMEWORK_HEADER = YES;
				CLANG_WARN_RANGE_LOOP_ANALYSIS = YES;
				CLANG_WARN_STRICT_PROTOTYPES = YES;
				CLANG_WARN_SUSPICIOUS_MOVE = YES;
				CLANG_WARN_UNGUARDED_AVAILABILITY = YES_AGGRESSIVE;
				CLANG_WARN_UNREACHABLE_CODE = YES;
				CLANG_WARN__DUPLICATE_METHOD_MATCH = YES;
				COPY_PHASE_STRIP = NO;
				DEBUG_INFORMATION_FORMAT = "dwarf-with-dsym";
				ENABLE_NS_ASSERTIONS = NO;
				ENABLE_STRICT_OBJC_MSGSEND = YES;
				GCC_C_LANGUAGE_STANDARD = gnu11;
				GCC_NO_COMMON_BLOCKS = YES;
				GCC_WARN_64_TO_32_BIT_CONVERSION = YES;
				GCC_WARN_ABOUT_RETURN_TYPE = YES_ERROR;
				GCC_WARN_UNDECLARED_SELECTOR = YES;
				GCC_WARN_UNINITIALIZED_AUTOS = YES_AGGRESSIVE;
				GCC_WARN_UNUSED_FUNCTION = YES;
				GCC_WARN_UNUSED_VARIABLE = YES;
				MACOSX_DEPLOYMENT_TARGET = 12.3;
				MTL_ENABLE_DEBUG_INFO = NO;
				MTL_FAST_MATH = YES;
				SDKROOT = macosx;
				SWIFT_COMPILATION_MODE = wholemodule;
				SWIFT_OPTIMIZATION_LEVEL = "-O";
			};
			name = Release;
		};
		390158812A96E318001BF219 /* Debug */ = {
			isa = XCBuildConfiguration;
			buildSettings = {
				ASSETCATALOG_COMPILER_APPICON_NAME = AppIcon;
				ASSETCATALOG_COMPILER_GLOBAL_ACCENT_COLOR_NAME = AccentColor;
				CODE_SIGN_ENTITLEMENTS = SwiftCodingChallenges/SwiftCodingChallenges.entitlements;
				CODE_SIGN_STYLE = Automatic;
				COMBINE_HIDPI_IMAGES = YES;
				CURRENT_PROJECT_VERSION = 1;
				DEVELOPMENT_TEAM = J4WNCMKS3F;
				ENABLE_HARDENED_RUNTIME = YES;
				GENERATE_INFOPLIST_FILE = YES;
				INFOPLIST_KEY_NSHumanReadableCopyright = "";
				INFOPLIST_KEY_NSMainStoryboardFile = Main;
				INFOPLIST_KEY_NSPrincipalClass = NSApplication;
				LD_RUNPATH_SEARCH_PATHS = (
					"$(inherited)",
					"@executable_path/../Frameworks",
				);
				MARKETING_VERSION = 1.0;
				PRODUCT_BUNDLE_IDENTIFIER = cnevans.96.SwiftCodingChallenges;
				PRODUCT_NAME = "$(TARGET_NAME)";
				SWIFT_EMIT_LOC_STRINGS = YES;
				SWIFT_VERSION = 5.0;
			};
			name = Debug;
		};
		390158822A96E318001BF219 /* Release */ = {
			isa = XCBuildConfiguration;
			buildSettings = {
				ASSETCATALOG_COMPILER_APPICON_NAME = AppIcon;
				ASSETCATALOG_COMPILER_GLOBAL_ACCENT_COLOR_NAME = AccentColor;
				CODE_SIGN_ENTITLEMENTS = SwiftCodingChallenges/SwiftCodingChallenges.entitlements;
				CODE_SIGN_STYLE = Automatic;
				COMBINE_HIDPI_IMAGES = YES;
				CURRENT_PROJECT_VERSION = 1;
				DEVELOPMENT_TEAM = J4WNCMKS3F;
				ENABLE_HARDENED_RUNTIME = YES;
				GENERATE_INFOPLIST_FILE = YES;
				INFOPLIST_KEY_NSHumanReadableCopyright = "";
				INFOPLIST_KEY_NSMainStoryboardFile = Main;
				INFOPLIST_KEY_NSPrincipalClass = NSApplication;
				LD_RUNPATH_SEARCH_PATHS = (
					"$(inherited)",
					"@executable_path/../Frameworks",
				);
				MARKETING_VERSION = 1.0;
				PRODUCT_BUNDLE_IDENTIFIER = cnevans.96.SwiftCodingChallenges;
				PRODUCT_NAME = "$(TARGET_NAME)";
				SWIFT_EMIT_LOC_STRINGS = YES;
				SWIFT_VERSION = 5.0;
			};
			name = Release;
		};
/* End XCBuildConfiguration section */

/* Begin XCConfigurationList section */
		3901586C2A96E315001BF219 /* Build configuration list for PBXProject "SwiftCodingChallenges" */ = {
			isa = XCConfigurationList;
			buildConfigurations = (
				3901587E2A96E318001BF219 /* Debug */,
				3901587F2A96E318001BF219 /* Release */,
			);
			defaultConfigurationIsVisible = 0;
			defaultConfigurationName = Release;
		};
		390158802A96E318001BF219 /* Build configuration list for PBXNativeTarget "SwiftCodingChallenges" */ = {
			isa = XCConfigurationList;
			buildConfigurations = (
				390158812A96E318001BF219 /* Debug */,
				390158822A96E318001BF219 /* Release */,
			);
			defaultConfigurationIsVisible = 0;
			defaultConfigurationName = Release;
		};
/* End XCConfigurationList section */
	};
	rootObject = 390158692A96E315001BF219 /* Project object */;
}
